
Microsoft Visual Studio Solution File, Format Version 12.00
# Visual Studio Version 17
VisualStudioVersion = 17.0.31919.166
MinimumVisualStudioVersion = 10.0.40219.1
Project("{FAE04EC0-301F-11D3-BF4B-00C04F79EFBC}") = "Quantori.NETCompetence.EFTipsAndTricks", "Quantori.NETCompetence.EFTipsAndTricks\Quantori.NETCompetence.EFTipsAndTricks.csproj", "{EE9AFE47-C411-45E8-AFCF-5DC824C1D2F7}"
EndProject
Global
	GlobalSection(SolutionConfigurationPlatforms) = preSolution
		Debug|Any CPU = Debug|Any CPU
		Release|Any CPU = Release|Any CPU
	EndGlobalSection
	GlobalSection(ProjectConfigurationPlatforms) = postSolution
		{EE9AFE47-C411-45E8-AFCF-5DC824C1D2F7}.Debug|Any CPU.ActiveCfg = Debug|Any CPU
		{EE9AFE47-C411-45E8-AFCF-5DC824C1D2F7}.Debug|Any CPU.Build.0 = Debug|Any CPU
		{EE9AFE47-C411-45E8-AFCF-5DC824C1D2F7}.Release|Any CPU.ActiveCfg = Release|Any CPU
		{EE9AFE47-C411-45E8-AFCF-5DC824C1D2F7}.Release|Any CPU.Build.0 = Release|Any CPU
	EndGlobalSection
	GlobalSection(SolutionProperties) = preSolution
		HideSolutionNode = FALSE
	EndGlobalSection
	GlobalSection(ExtensibilityGlobals) = postSolution
		SolutionGuid = {25B47F8C-DEC5-44C5-A3D3-5C666758BACF}
	EndGlobalSection
EndGlobal
